
Microsoft Visual Studio Solution File, Format Version 12.00
# Visual Studio Version 16
VisualStudioVersion = 16.0.29926.136
MinimumVisualStudioVersion = 10.0.40219.1
Project("{9A19103F-16F7-4668-BE54-9A1E7A4F7556}") = "InventoryMicroservice", "InventoryMicroservice\InventoryMicroservice.csproj", "{A85E3924-99FE-472B-94D9-9FF592717960}"
EndProject
Project("{FAE04EC0-301F-11D3-BF4B-00C04F79EFBC}") = "InventoryBusinessLogic", "InventoryBusinessLogic\InventoryBusinessLogic.csproj", "{2B8755B8-FA6D-4161-A143-2A46FE6E19D9}"
	ProjectSection(ProjectDependencies) = postProject
		{9C2C3732-8C23-4037-86C8-599B39D9F206} = {9C2C3732-8C23-4037-86C8-599B39D9F206}
	EndProjectSection
EndProject
Project("{2150E333-8FDC-42A3-9474-1A3956D46DE8}") = "Inventory", "Inventory", "{91A7E2EE-5F16-4A03-BC4E-5D5ED8BAE638}"
EndProject
Project("{FAE04EC0-301F-11D3-BF4B-00C04F79EFBC}") = "InventoryUoWTest", "InventoryUoWTest\InventoryUoWTest.csproj", "{D6A2E9DA-EFDC-47C0-9D96-0F1FD6F921FE}"
EndProject
Project("{FAE04EC0-301F-11D3-BF4B-00C04F79EFBC}") = "Inventory.DataAcces", "Inventory.DataAcces\Inventory.DataAcces.csproj", "{9C2C3732-8C23-4037-86C8-599B39D9F206}"
EndProject
Project("{00D1A9C2-B5F0-4AF3-8072-F6C62B433612}") = "InventoryDb", "Inventory\InventoryDb.sqlproj", "{45C61A1E-AB7D-4CA5-9635-F1576DD05438}"
EndProject
Global
	GlobalSection(SolutionConfigurationPlatforms) = preSolution
		Debug|Any CPU = Debug|Any CPU
		Release|Any CPU = Release|Any CPU
	EndGlobalSection
	GlobalSection(ProjectConfigurationPlatforms) = postSolution
		{A85E3924-99FE-472B-94D9-9FF592717960}.Debug|Any CPU.ActiveCfg = Debug|Any CPU
		{A85E3924-99FE-472B-94D9-9FF592717960}.Debug|Any CPU.Build.0 = Debug|Any CPU
		{A85E3924-99FE-472B-94D9-9FF592717960}.Release|Any CPU.ActiveCfg = Release|Any CPU
		{A85E3924-99FE-472B-94D9-9FF592717960}.Release|Any CPU.Build.0 = Release|Any CPU
		{2B8755B8-FA6D-4161-A143-2A46FE6E19D9}.Debug|Any CPU.ActiveCfg = Debug|Any CPU
		{2B8755B8-FA6D-4161-A143-2A46FE6E19D9}.Debug|Any CPU.Build.0 = Debug|Any CPU
		{2B8755B8-FA6D-4161-A143-2A46FE6E19D9}.Release|Any CPU.ActiveCfg = Release|Any CPU
		{2B8755B8-FA6D-4161-A143-2A46FE6E19D9}.Release|Any CPU.Build.0 = Release|Any CPU
		{D6A2E9DA-EFDC-47C0-9D96-0F1FD6F921FE}.Debug|Any CPU.ActiveCfg = Debug|Any CPU
		{D6A2E9DA-EFDC-47C0-9D96-0F1FD6F921FE}.Debug|Any CPU.Build.0 = Debug|Any CPU
		{D6A2E9DA-EFDC-47C0-9D96-0F1FD6F921FE}.Release|Any CPU.ActiveCfg = Release|Any CPU
		{D6A2E9DA-EFDC-47C0-9D96-0F1FD6F921FE}.Release|Any CPU.Build.0 = Release|Any CPU
		{9C2C3732-8C23-4037-86C8-599B39D9F206}.Debug|Any CPU.ActiveCfg = Debug|Any CPU
		{9C2C3732-8C23-4037-86C8-599B39D9F206}.Debug|Any CPU.Build.0 = Debug|Any CPU
		{9C2C3732-8C23-4037-86C8-599B39D9F206}.Release|Any CPU.ActiveCfg = Release|Any CPU
		{9C2C3732-8C23-4037-86C8-599B39D9F206}.Release|Any CPU.Build.0 = Release|Any CPU
		{45C61A1E-AB7D-4CA5-9635-F1576DD05438}.Debug|Any CPU.ActiveCfg = Debug|Any CPU
		{45C61A1E-AB7D-4CA5-9635-F1576DD05438}.Debug|Any CPU.Build.0 = Debug|Any CPU
		{45C61A1E-AB7D-4CA5-9635-F1576DD05438}.Debug|Any CPU.Deploy.0 = Debug|Any CPU
		{45C61A1E-AB7D-4CA5-9635-F1576DD05438}.Release|Any CPU.ActiveCfg = Release|Any CPU
		{45C61A1E-AB7D-4CA5-9635-F1576DD05438}.Release|Any CPU.Build.0 = Release|Any CPU
		{45C61A1E-AB7D-4CA5-9635-F1576DD05438}.Release|Any CPU.Deploy.0 = Release|Any CPU
	EndGlobalSection
	GlobalSection(SolutionProperties) = preSolution
		HideSolutionNode = FALSE
	EndGlobalSection
	GlobalSection(NestedProjects) = preSolution
		{A85E3924-99FE-472B-94D9-9FF592717960} = {91A7E2EE-5F16-4A03-BC4E-5D5ED8BAE638}
		{2B8755B8-FA6D-4161-A143-2A46FE6E19D9} = {91A7E2EE-5F16-4A03-BC4E-5D5ED8BAE638}
		{D6A2E9DA-EFDC-47C0-9D96-0F1FD6F921FE} = {91A7E2EE-5F16-4A03-BC4E-5D5ED8BAE638}
		{9C2C3732-8C23-4037-86C8-599B39D9F206} = {91A7E2EE-5F16-4A03-BC4E-5D5ED8BAE638}
		{45C61A1E-AB7D-4CA5-9635-F1576DD05438} = {91A7E2EE-5F16-4A03-BC4E-5D5ED8BAE638}
	EndGlobalSection
	GlobalSection(ExtensibilityGlobals) = postSolution
		SolutionGuid = {1324E995-050B-43CF-8390-2B661B31278F}
	EndGlobalSection
EndGlobal
